{
  "requires": true,
  "lockfileVersion": 1,
  "dependencies": {
    "@types/react": {
      "version": "0.14.57",
      "resolved": "http://registry.npmjs.org/@types/react/-/react-0.14.57.tgz",
      "integrity": "sha1-GHioZU+v3R04G4RXKStkM0mMW2I="
    },
    "@types/react-dom": {
      "version": "0.14.23",
      "resolved": "https://registry.npmjs.org/@types/react-dom/-/react-dom-0.14.23.tgz",
      "integrity": "sha1-zs/PrXVLTCdl/l0puBswGImtbC4=",
      "requires": {
        "@types/react": "*"
      }
    }
  }
}
